
Microsoft Visual Studio Solution File, Format Version 12.00
# Visual Studio 15
VisualStudioVersion = 15.0.26730.16
MinimumVisualStudioVersion = 10.0.40219.1
Project("{FAE04EC0-301F-11D3-BF4B-00C04F79EFBC}") = "netcore-csla-serialization", "netcore-csla-serialization\netcore-csla-serialization.csproj", "{CF66B6A0-D979-4D51-BF7C-53F57E2613D2}"
EndProject
Project("{D954291E-2A0B-460D-934E-DC6B0785DB48}") = "Csla.Shared", "E:\src\rdl\csla\Source\Csla.Shared\Csla.Shared.shproj", "{EDACD58E-B295-4F3E-A263-5BD89FA51270}"
EndProject
Project("{9A19103F-16F7-4668-BE54-9A1E7A4F7556}") = "Csla.NetStandard2.0", "E:\src\rdl\csla\Source\Csla.NetStandard2.0\Csla.NetStandard2.0.csproj", "{0D11CD03-5F96-420A-88FB-7FC7E3A6BCAA}"
EndProject
Project("{FAE04EC0-301F-11D3-BF4B-00C04F79EFBC}") = "AndroidApp", "AndroidApp\AndroidApp.csproj", "{7EF22B0B-103F-4CC2-87DA-C1D28635B944}"
EndProject
Project("{FAE04EC0-301F-11D3-BF4B-00C04F79EFBC}") = "ClassLibrary1", "ClassLibrary1\ClassLibrary1.csproj", "{13C2B24F-E7BA-4F87-B98B-16669423C673}"
EndProject
Project("{FAE04EC0-301F-11D3-BF4B-00C04F79EFBC}") = "XFApp.Android", "XFApp\XFApp.Android\XFApp.Android.csproj", "{B4ECABDB-A0A5-43C4-BB5E-C109A190014E}"
EndProject
Project("{FAE04EC0-301F-11D3-BF4B-00C04F79EFBC}") = "XFApp", "XFApp\XFApp\XFApp.csproj", "{BF2AA191-1E3E-425C-9DE8-2F8C330E49B3}"
EndProject
Project("{FAE04EC0-301F-11D3-BF4B-00C04F79EFBC}") = "Csla.Pcl", "E:\src\rdl\csla\Source\Csla.Pcl\Csla.Pcl.csproj", "{3B7FBF4A-74CA-40E1-B833-085AC12B3D3E}"
EndProject
Global
	GlobalSection(SharedMSBuildProjectFiles) = preSolution
		E:\src\rdl\csla\Source\Csla.Shared\Csla.Shared.projitems*{3b7fbf4a-74ca-40e1-b833-085ac12b3d3e}*SharedItemsImports = 4
		E:\src\rdl\csla\Source\Csla.Shared\Csla.Shared.projitems*{edacd58e-b295-4f3e-a263-5bd89fa51270}*SharedItemsImports = 13
	EndGlobalSection
	GlobalSection(SolutionConfigurationPlatforms) = preSolution
		Ad-Hoc|Any CPU = Ad-Hoc|Any CPU
		Ad-Hoc|ARM = Ad-Hoc|ARM
		Ad-Hoc|iPhone = Ad-Hoc|iPhone
		Ad-Hoc|iPhoneSimulator = Ad-Hoc|iPhoneSimulator
		Ad-Hoc|x64 = Ad-Hoc|x64
		Ad-Hoc|x86 = Ad-Hoc|x86
		AppStore|Any CPU = AppStore|Any CPU
		AppStore|ARM = AppStore|ARM
		AppStore|iPhone = AppStore|iPhone
		AppStore|iPhoneSimulator = AppStore|iPhoneSimulator
		AppStore|x64 = AppStore|x64
		AppStore|x86 = AppStore|x86
		Debug|Any CPU = Debug|Any CPU
		Debug|ARM = Debug|ARM
		Debug|iPhone = Debug|iPhone
		Debug|iPhoneSimulator = Debug|iPhoneSimulator
		Debug|x64 = Debug|x64
		Debug|x86 = Debug|x86
		Release|Any CPU = Release|Any CPU
		Release|ARM = Release|ARM
		Release|iPhone = Release|iPhone
		Release|iPhoneSimulator = Release|iPhoneSimulator
		Release|x64 = Release|x64
		Release|x86 = Release|x86
	EndGlobalSection
	GlobalSection(ProjectConfigurationPlatforms) = postSolution
		{CF66B6A0-D979-4D51-BF7C-53F57E2613D2}.Ad-Hoc|Any CPU.ActiveCfg = Debug|Any CPU
		{CF66B6A0-D979-4D51-BF7C-53F57E2613D2}.Ad-Hoc|Any CPU.Build.0 = Debug|Any CPU
		{CF66B6A0-D979-4D51-BF7C-53F57E2613D2}.Ad-Hoc|ARM.ActiveCfg = Debug|Any CPU
		{CF66B6A0-D979-4D51-BF7C-53F57E2613D2}.Ad-Hoc|ARM.Build.0 = Debug|Any CPU
		{CF66B6A0-D979-4D51-BF7C-53F57E2613D2}.Ad-Hoc|iPhone.ActiveCfg = Debug|Any CPU
		{CF66B6A0-D979-4D51-BF7C-53F57E2613D2}.Ad-Hoc|iPhone.Build.0 = Debug|Any CPU
		{CF66B6A0-D979-4D51-BF7C-53F57E2613D2}.Ad-Hoc|iPhoneSimulator.ActiveCfg = Debug|Any CPU
		{CF66B6A0-D979-4D51-BF7C-53F57E2613D2}.Ad-Hoc|iPhoneSimulator.Build.0 = Debug|Any CPU
		{CF66B6A0-D979-4D51-BF7C-53F57E2613D2}.Ad-Hoc|x64.ActiveCfg = Debug|Any CPU
		{CF66B6A0-D979-4D51-BF7C-53F57E2613D2}.Ad-Hoc|x64.Build.0 = Debug|Any CPU
		{CF66B6A0-D979-4D51-BF7C-53F57E2613D2}.Ad-Hoc|x86.ActiveCfg = Debug|Any CPU
		{CF66B6A0-D979-4D51-BF7C-53F57E2613D2}.Ad-Hoc|x86.Build.0 = Debug|Any CPU
		{CF66B6A0-D979-4D51-BF7C-53F57E2613D2}.AppStore|Any CPU.ActiveCfg = Debug|Any CPU
		{CF66B6A0-D979-4D51-BF7C-53F57E2613D2}.AppStore|Any CPU.Build.0 = Debug|Any CPU
		{CF66B6A0-D979-4D51-BF7C-53F57E2613D2}.AppStore|ARM.ActiveCfg = Debug|Any CPU
		{CF66B6A0-D979-4D51-BF7C-53F57E2613D2}.AppStore|ARM.Build.0 = Debug|Any CPU
		{CF66B6A0-D979-4D51-BF7C-53F57E2613D2}.AppStore|iPhone.ActiveCfg = Debug|Any CPU
		{CF66B6A0-D979-4D51-BF7C-53F57E2613D2}.AppStore|iPhone.Build.0 = Debug|Any CPU
		{CF66B6A0-D979-4D51-BF7C-53F57E2613D2}.AppStore|iPhoneSimulator.ActiveCfg = Debug|Any CPU
		{CF66B6A0-D979-4D51-BF7C-53F57E2613D2}.AppStore|iPhoneSimulator.Build.0 = Debug|Any CPU
		{CF66B6A0-D979-4D51-BF7C-53F57E2613D2}.AppStore|x64.ActiveCfg = Debug|Any CPU
		{CF66B6A0-D979-4D51-BF7C-53F57E2613D2}.AppStore|x64.Build.0 = Debug|Any CPU
		{CF66B6A0-D979-4D51-BF7C-53F57E2613D2}.AppStore|x86.ActiveCfg = Debug|Any CPU
		{CF66B6A0-D979-4D51-BF7C-53F57E2613D2}.AppStore|x86.Build.0 = Debug|Any CPU
		{CF66B6A0-D979-4D51-BF7C-53F57E2613D2}.Debug|Any CPU.ActiveCfg = Debug|Any CPU
		{CF66B6A0-D979-4D51-BF7C-53F57E2613D2}.Debug|Any CPU.Build.0 = Debug|Any CPU
		{CF66B6A0-D979-4D51-BF7C-53F57E2613D2}.Debug|ARM.ActiveCfg = Debug|Any CPU
		{CF66B6A0-D979-4D51-BF7C-53F57E2613D2}.Debug|ARM.Build.0 = Debug|Any CPU
		{CF66B6A0-D979-4D51-BF7C-53F57E2613D2}.Debug|iPhone.ActiveCfg = Debug|Any CPU
		{CF66B6A0-D979-4D51-BF7C-53F57E2613D2}.Debug|iPhone.Build.0 = Debug|Any CPU
		{CF66B6A0-D979-4D51-BF7C-53F57E2613D2}.Debug|iPhoneSimulator.ActiveCfg = Debug|Any CPU
		{CF66B6A0-D979-4D51-BF7C-53F57E2613D2}.Debug|iPhoneSimulator.Build.0 = Debug|Any CPU
		{CF66B6A0-D979-4D51-BF7C-53F57E2613D2}.Debug|x64.ActiveCfg = Debug|Any CPU
		{CF66B6A0-D979-4D51-BF7C-53F57E2613D2}.Debug|x64.Build.0 = Debug|Any CPU
		{CF66B6A0-D979-4D51-BF7C-53F57E2613D2}.Debug|x86.ActiveCfg = Debug|Any CPU
		{CF66B6A0-D979-4D51-BF7C-53F57E2613D2}.Debug|x86.Build.0 = Debug|Any CPU
		{CF66B6A0-D979-4D51-BF7C-53F57E2613D2}.Release|Any CPU.ActiveCfg = Release|Any CPU
		{CF66B6A0-D979-4D51-BF7C-53F57E2613D2}.Release|Any CPU.Build.0 = Release|Any CPU
		{CF66B6A0-D979-4D51-BF7C-53F57E2613D2}.Release|ARM.ActiveCfg = Release|Any CPU
		{CF66B6A0-D979-4D51-BF7C-53F57E2613D2}.Release|ARM.Build.0 = Release|Any CPU
		{CF66B6A0-D979-4D51-BF7C-53F57E2613D2}.Release|iPhone.ActiveCfg = Release|Any CPU
		{CF66B6A0-D979-4D51-BF7C-53F57E2613D2}.Release|iPhone.Build.0 = Release|Any CPU
		{CF66B6A0-D979-4D51-BF7C-53F57E2613D2}.Release|iPhoneSimulator.ActiveCfg = Release|Any CPU
		{CF66B6A0-D979-4D51-BF7C-53F57E2613D2}.Release|iPhoneSimulator.Build.0 = Release|Any CPU
		{CF66B6A0-D979-4D51-BF7C-53F57E2613D2}.Release|x64.ActiveCfg = Release|Any CPU
		{CF66B6A0-D979-4D51-BF7C-53F57E2613D2}.Release|x64.Build.0 = Release|Any CPU
		{CF66B6A0-D979-4D51-BF7C-53F57E2613D2}.Release|x86.ActiveCfg = Release|Any CPU
		{CF66B6A0-D979-4D51-BF7C-53F57E2613D2}.Release|x86.Build.0 = Release|Any CPU
		{0D11CD03-5F96-420A-88FB-7FC7E3A6BCAA}.Ad-Hoc|Any CPU.ActiveCfg = Debug|Any CPU
		{0D11CD03-5F96-420A-88FB-7FC7E3A6BCAA}.Ad-Hoc|Any CPU.Build.0 = Debug|Any CPU
		{0D11CD03-5F96-420A-88FB-7FC7E3A6BCAA}.Ad-Hoc|ARM.ActiveCfg = Debug|Any CPU
		{0D11CD03-5F96-420A-88FB-7FC7E3A6BCAA}.Ad-Hoc|ARM.Build.0 = Debug|Any CPU
		{0D11CD03-5F96-420A-88FB-7FC7E3A6BCAA}.Ad-Hoc|iPhone.ActiveCfg = Debug|Any CPU
		{0D11CD03-5F96-420A-88FB-7FC7E3A6BCAA}.Ad-Hoc|iPhone.Build.0 = Debug|Any CPU
		{0D11CD03-5F96-420A-88FB-7FC7E3A6BCAA}.Ad-Hoc|iPhoneSimulator.ActiveCfg = Debug|Any CPU
		{0D11CD03-5F96-420A-88FB-7FC7E3A6BCAA}.Ad-Hoc|iPhoneSimulator.Build.0 = Debug|Any CPU
		{0D11CD03-5F96-420A-88FB-7FC7E3A6BCAA}.Ad-Hoc|x64.ActiveCfg = Debug|Any CPU
		{0D11CD03-5F96-420A-88FB-7FC7E3A6BCAA}.Ad-Hoc|x64.Build.0 = Debug|Any CPU
		{0D11CD03-5F96-420A-88FB-7FC7E3A6BCAA}.Ad-Hoc|x86.ActiveCfg = Debug|Any CPU
		{0D11CD03-5F96-420A-88FB-7FC7E3A6BCAA}.Ad-Hoc|x86.Build.0 = Debug|Any CPU
		{0D11CD03-5F96-420A-88FB-7FC7E3A6BCAA}.AppStore|Any CPU.ActiveCfg = Debug|Any CPU
		{0D11CD03-5F96-420A-88FB-7FC7E3A6BCAA}.AppStore|Any CPU.Build.0 = Debug|Any CPU
		{0D11CD03-5F96-420A-88FB-7FC7E3A6BCAA}.AppStore|ARM.ActiveCfg = Debug|Any CPU
		{0D11CD03-5F96-420A-88FB-7FC7E3A6BCAA}.AppStore|ARM.Build.0 = Debug|Any CPU
		{0D11CD03-5F96-420A-88FB-7FC7E3A6BCAA}.AppStore|iPhone.ActiveCfg = Debug|Any CPU
		{0D11CD03-5F96-420A-88FB-7FC7E3A6BCAA}.AppStore|iPhone.Build.0 = Debug|Any CPU
		{0D11CD03-5F96-420A-88FB-7FC7E3A6BCAA}.AppStore|iPhoneSimulator.ActiveCfg = Debug|Any CPU
		{0D11CD03-5F96-420A-88FB-7FC7E3A6BCAA}.AppStore|iPhoneSimulator.Build.0 = Debug|Any CPU
		{0D11CD03-5F96-420A-88FB-7FC7E3A6BCAA}.AppStore|x64.ActiveCfg = Debug|Any CPU
		{0D11CD03-5F96-420A-88FB-7FC7E3A6BCAA}.AppStore|x64.Build.0 = Debug|Any CPU
		{0D11CD03-5F96-420A-88FB-7FC7E3A6BCAA}.AppStore|x86.ActiveCfg = Debug|Any CPU
		{0D11CD03-5F96-420A-88FB-7FC7E3A6BCAA}.AppStore|x86.Build.0 = Debug|Any CPU
		{0D11CD03-5F96-420A-88FB-7FC7E3A6BCAA}.Debug|Any CPU.ActiveCfg = Debug|Any CPU
		{0D11CD03-5F96-420A-88FB-7FC7E3A6BCAA}.Debug|Any CPU.Build.0 = Debug|Any CPU
		{0D11CD03-5F96-420A-88FB-7FC7E3A6BCAA}.Debug|ARM.ActiveCfg = Debug|Any CPU
		{0D11CD03-5F96-420A-88FB-7FC7E3A6BCAA}.Debug|ARM.Build.0 = Debug|Any CPU
		{0D11CD03-5F96-420A-88FB-7FC7E3A6BCAA}.Debug|iPhone.ActiveCfg = Debug|Any CPU
		{0D11CD03-5F96-420A-88FB-7FC7E3A6BCAA}.Debug|iPhone.Build.0 = Debug|Any CPU
		{0D11CD03-5F96-420A-88FB-7FC7E3A6BCAA}.Debug|iPhoneSimulator.ActiveCfg = Debug|Any CPU
		{0D11CD03-5F96-420A-88FB-7FC7E3A6BCAA}.Debug|iPhoneSimulator.Build.0 = Debug|Any CPU
		{0D11CD03-5F96-420A-88FB-7FC7E3A6BCAA}.Debug|x64.ActiveCfg = Debug|Any CPU
		{0D11CD03-5F96-420A-88FB-7FC7E3A6BCAA}.Debug|x64.Build.0 = Debug|Any CPU
		{0D11CD03-5F96-420A-88FB-7FC7E3A6BCAA}.Debug|x86.ActiveCfg = Debug|Any CPU
		{0D11CD03-5F96-420A-88FB-7FC7E3A6BCAA}.Debug|x86.Build.0 = Debug|Any CPU
		{0D11CD03-5F96-420A-88FB-7FC7E3A6BCAA}.Release|Any CPU.ActiveCfg = Release|Any CPU
		{0D11CD03-5F96-420A-88FB-7FC7E3A6BCAA}.Release|Any CPU.Build.0 = Release|Any CPU
		{0D11CD03-5F96-420A-88FB-7FC7E3A6BCAA}.Release|ARM.ActiveCfg = Release|Any CPU
		{0D11CD03-5F96-420A-88FB-7FC7E3A6BCAA}.Release|ARM.Build.0 = Release|Any CPU
		{0D11CD03-5F96-420A-88FB-7FC7E3A6BCAA}.Release|iPhone.ActiveCfg = Release|Any CPU
		{0D11CD03-5F96-420A-88FB-7FC7E3A6BCAA}.Release|iPhone.Build.0 = Release|Any CPU
		{0D11CD03-5F96-420A-88FB-7FC7E3A6BCAA}.Release|iPhoneSimulator.ActiveCfg = Release|Any CPU
		{0D11CD03-5F96-420A-88FB-7FC7E3A6BCAA}.Release|iPhoneSimulator.Build.0 = Release|Any CPU
		{0D11CD03-5F96-420A-88FB-7FC7E3A6BCAA}.Release|x64.ActiveCfg = Release|Any CPU
		{0D11CD03-5F96-420A-88FB-7FC7E3A6BCAA}.Release|x64.Build.0 = Release|Any CPU
		{0D11CD03-5F96-420A-88FB-7FC7E3A6BCAA}.Release|x86.ActiveCfg = Release|Any CPU
		{0D11CD03-5F96-420A-88FB-7FC7E3A6BCAA}.Release|x86.Build.0 = Release|Any CPU
		{7EF22B0B-103F-4CC2-87DA-C1D28635B944}.Ad-Hoc|Any CPU.ActiveCfg = Release|Any CPU
		{7EF22B0B-103F-4CC2-87DA-C1D28635B944}.Ad-Hoc|Any CPU.Build.0 = Release|Any CPU
		{7EF22B0B-103F-4CC2-87DA-C1D28635B944}.Ad-Hoc|Any CPU.Deploy.0 = Release|Any CPU
		{7EF22B0B-103F-4CC2-87DA-C1D28635B944}.Ad-Hoc|ARM.ActiveCfg = Release|Any CPU
		{7EF22B0B-103F-4CC2-87DA-C1D28635B944}.Ad-Hoc|ARM.Build.0 = Release|Any CPU
		{7EF22B0B-103F-4CC2-87DA-C1D28635B944}.Ad-Hoc|ARM.Deploy.0 = Release|Any CPU
		{7EF22B0B-103F-4CC2-87DA-C1D28635B944}.Ad-Hoc|iPhone.ActiveCfg = Release|Any CPU
		{7EF22B0B-103F-4CC2-87DA-C1D28635B944}.Ad-Hoc|iPhone.Build.0 = Release|Any CPU
		{7EF22B0B-103F-4CC2-87DA-C1D28635B944}.Ad-Hoc|iPhone.Deploy.0 = Release|Any CPU
		{7EF22B0B-103F-4CC2-87DA-C1D28635B944}.Ad-Hoc|iPhoneSimulator.ActiveCfg = Release|Any CPU
		{7EF22B0B-103F-4CC2-87DA-C1D28635B944}.Ad-Hoc|iPhoneSimulator.Build.0 = Release|Any CPU
		{7EF22B0B-103F-4CC2-87DA-C1D28635B944}.Ad-Hoc|iPhoneSimulator.Deploy.0 = Release|Any CPU
		{7EF22B0B-103F-4CC2-87DA-C1D28635B944}.Ad-Hoc|x64.ActiveCfg = Release|Any CPU
		{7EF22B0B-103F-4CC2-87DA-C1D28635B944}.Ad-Hoc|x64.Build.0 = Release|Any CPU
		{7EF22B0B-103F-4CC2-87DA-C1D28635B944}.Ad-Hoc|x64.Deploy.0 = Release|Any CPU
		{7EF22B0B-103F-4CC2-87DA-C1D28635B944}.Ad-Hoc|x86.ActiveCfg = Release|Any CPU
		{7EF22B0B-103F-4CC2-87DA-C1D28635B944}.Ad-Hoc|x86.Build.0 = Release|Any CPU
		{7EF22B0B-103F-4CC2-87DA-C1D28635B944}.Ad-Hoc|x86.Deploy.0 = Release|Any CPU
		{7EF22B0B-103F-4CC2-87DA-C1D28635B944}.AppStore|Any CPU.ActiveCfg = Release|Any CPU
		{7EF22B0B-103F-4CC2-87DA-C1D28635B944}.AppStore|Any CPU.Build.0 = Release|Any CPU
		{7EF22B0B-103F-4CC2-87DA-C1D28635B944}.AppStore|Any CPU.Deploy.0 = Release|Any CPU
		{7EF22B0B-103F-4CC2-87DA-C1D28635B944}.AppStore|ARM.ActiveCfg = Release|Any CPU
		{7EF22B0B-103F-4CC2-87DA-C1D28635B944}.AppStore|ARM.Build.0 = Release|Any CPU
		{7EF22B0B-103F-4CC2-87DA-C1D28635B944}.AppStore|ARM.Deploy.0 = Release|Any CPU
		{7EF22B0B-103F-4CC2-87DA-C1D28635B944}.AppStore|iPhone.ActiveCfg = Release|Any CPU
		{7EF22B0B-103F-4CC2-87DA-C1D28635B944}.AppStore|iPhone.Build.0 = Release|Any CPU
		{7EF22B0B-103F-4CC2-87DA-C1D28635B944}.AppStore|iPhone.Deploy.0 = Release|Any CPU
		{7EF22B0B-103F-4CC2-87DA-C1D28635B944}.AppStore|iPhoneSimulator.ActiveCfg = Release|Any CPU
		{7EF22B0B-103F-4CC2-87DA-C1D28635B944}.AppStore|iPhoneSimulator.Build.0 = Release|Any CPU
		{7EF22B0B-103F-4CC2-87DA-C1D28635B944}.AppStore|iPhoneSimulator.Deploy.0 = Release|Any CPU
		{7EF22B0B-103F-4CC2-87DA-C1D28635B944}.AppStore|x64.ActiveCfg = Release|Any CPU
		{7EF22B0B-103F-4CC2-87DA-C1D28635B944}.AppStore|x64.Build.0 = Release|Any CPU
		{7EF22B0B-103F-4CC2-87DA-C1D28635B944}.AppStore|x64.Deploy.0 = Release|Any CPU
		{7EF22B0B-103F-4CC2-87DA-C1D28635B944}.AppStore|x86.ActiveCfg = Release|Any CPU
		{7EF22B0B-103F-4CC2-87DA-C1D28635B944}.AppStore|x86.Build.0 = Release|Any CPU
		{7EF22B0B-103F-4CC2-87DA-C1D28635B944}.AppStore|x86.Deploy.0 = Release|Any CPU
		{7EF22B0B-103F-4CC2-87DA-C1D28635B944}.Debug|Any CPU.ActiveCfg = Debug|Any CPU
		{7EF22B0B-103F-4CC2-87DA-C1D28635B944}.Debug|Any CPU.Build.0 = Debug|Any CPU
		{7EF22B0B-103F-4CC2-87DA-C1D28635B944}.Debug|Any CPU.Deploy.0 = Debug|Any CPU
		{7EF22B0B-103F-4CC2-87DA-C1D28635B944}.Debug|ARM.ActiveCfg = Debug|Any CPU
		{7EF22B0B-103F-4CC2-87DA-C1D28635B944}.Debug|ARM.Build.0 = Debug|Any CPU
		{7EF22B0B-103F-4CC2-87DA-C1D28635B944}.Debug|ARM.Deploy.0 = Debug|Any CPU
		{7EF22B0B-103F-4CC2-87DA-C1D28635B944}.Debug|iPhone.ActiveCfg = Debug|Any CPU
		{7EF22B0B-103F-4CC2-87DA-C1D28635B944}.Debug|iPhone.Build.0 = Debug|Any CPU
		{7EF22B0B-103F-4CC2-87DA-C1D28635B944}.Debug|iPhone.Deploy.0 = Debug|Any CPU
		{7EF22B0B-103F-4CC2-87DA-C1D28635B944}.Debug|iPhoneSimulator.ActiveCfg = Debug|Any CPU
		{7EF22B0B-103F-4CC2-87DA-C1D28635B944}.Debug|iPhoneSimulator.Build.0 = Debug|Any CPU
		{7EF22B0B-103F-4CC2-87DA-C1D28635B944}.Debug|iPhoneSimulator.Deploy.0 = Debug|Any CPU
		{7EF22B0B-103F-4CC2-87DA-C1D28635B944}.Debug|x64.ActiveCfg = Debug|Any CPU
		{7EF22B0B-103F-4CC2-87DA-C1D28635B944}.Debug|x64.Build.0 = Debug|Any CPU
		{7EF22B0B-103F-4CC2-87DA-C1D28635B944}.Debug|x64.Deploy.0 = Debug|Any CPU
		{7EF22B0B-103F-4CC2-87DA-C1D28635B944}.Debug|x86.ActiveCfg = Debug|Any CPU
		{7EF22B0B-103F-4CC2-87DA-C1D28635B944}.Debug|x86.Build.0 = Debug|Any CPU
		{7EF22B0B-103F-4CC2-87DA-C1D28635B944}.Debug|x86.Deploy.0 = Debug|Any CPU
		{7EF22B0B-103F-4CC2-87DA-C1D28635B944}.Release|Any CPU.ActiveCfg = Release|Any CPU
		{7EF22B0B-103F-4CC2-87DA-C1D28635B944}.Release|Any CPU.Build.0 = Release|Any CPU
		{7EF22B0B-103F-4CC2-87DA-C1D28635B944}.Release|Any CPU.Deploy.0 = Release|Any CPU
		{7EF22B0B-103F-4CC2-87DA-C1D28635B944}.Release|ARM.ActiveCfg = Release|Any CPU
		{7EF22B0B-103F-4CC2-87DA-C1D28635B944}.Release|ARM.Build.0 = Release|Any CPU
		{7EF22B0B-103F-4CC2-87DA-C1D28635B944}.Release|ARM.Deploy.0 = Release|Any CPU
		{7EF22B0B-103F-4CC2-87DA-C1D28635B944}.Release|iPhone.ActiveCfg = Release|Any CPU
		{7EF22B0B-103F-4CC2-87DA-C1D28635B944}.Release|iPhone.Build.0 = Release|Any CPU
		{7EF22B0B-103F-4CC2-87DA-C1D28635B944}.Release|iPhone.Deploy.0 = Release|Any CPU
		{7EF22B0B-103F-4CC2-87DA-C1D28635B944}.Release|iPhoneSimulator.ActiveCfg = Release|Any CPU
		{7EF22B0B-103F-4CC2-87DA-C1D28635B944}.Release|iPhoneSimulator.Build.0 = Release|Any CPU
		{7EF22B0B-103F-4CC2-87DA-C1D28635B944}.Release|iPhoneSimulator.Deploy.0 = Release|Any CPU
		{7EF22B0B-103F-4CC2-87DA-C1D28635B944}.Release|x64.ActiveCfg = Release|Any CPU
		{7EF22B0B-103F-4CC2-87DA-C1D28635B944}.Release|x64.Build.0 = Release|Any CPU
		{7EF22B0B-103F-4CC2-87DA-C1D28635B944}.Release|x64.Deploy.0 = Release|Any CPU
		{7EF22B0B-103F-4CC2-87DA-C1D28635B944}.Release|x86.ActiveCfg = Release|Any CPU
		{7EF22B0B-103F-4CC2-87DA-C1D28635B944}.Release|x86.Build.0 = Release|Any CPU
		{7EF22B0B-103F-4CC2-87DA-C1D28635B944}.Release|x86.Deploy.0 = Release|Any CPU
		{13C2B24F-E7BA-4F87-B98B-16669423C673}.Ad-Hoc|Any CPU.ActiveCfg = Debug|Any CPU
		{13C2B24F-E7BA-4F87-B98B-16669423C673}.Ad-Hoc|Any CPU.Build.0 = Debug|Any CPU
		{13C2B24F-E7BA-4F87-B98B-16669423C673}.Ad-Hoc|ARM.ActiveCfg = Debug|Any CPU
		{13C2B24F-E7BA-4F87-B98B-16669423C673}.Ad-Hoc|ARM.Build.0 = Debug|Any CPU
		{13C2B24F-E7BA-4F87-B98B-16669423C673}.Ad-Hoc|iPhone.ActiveCfg = Debug|Any CPU
		{13C2B24F-E7BA-4F87-B98B-16669423C673}.Ad-Hoc|iPhone.Build.0 = Debug|Any CPU
		{13C2B24F-E7BA-4F87-B98B-16669423C673}.Ad-Hoc|iPhoneSimulator.ActiveCfg = Debug|Any CPU
		{13C2B24F-E7BA-4F87-B98B-16669423C673}.Ad-Hoc|iPhoneSimulator.Build.0 = Debug|Any CPU
		{13C2B24F-E7BA-4F87-B98B-16669423C673}.Ad-Hoc|x64.ActiveCfg = Debug|Any CPU
		{13C2B24F-E7BA-4F87-B98B-16669423C673}.Ad-Hoc|x64.Build.0 = Debug|Any CPU
		{13C2B24F-E7BA-4F87-B98B-16669423C673}.Ad-Hoc|x86.ActiveCfg = Debug|Any CPU
		{13C2B24F-E7BA-4F87-B98B-16669423C673}.Ad-Hoc|x86.Build.0 = Debug|Any CPU
		{13C2B24F-E7BA-4F87-B98B-16669423C673}.AppStore|Any CPU.ActiveCfg = Debug|Any CPU
		{13C2B24F-E7BA-4F87-B98B-16669423C673}.AppStore|Any CPU.Build.0 = Debug|Any CPU
		{13C2B24F-E7BA-4F87-B98B-16669423C673}.AppStore|ARM.ActiveCfg = Debug|Any CPU
		{13C2B24F-E7BA-4F87-B98B-16669423C673}.AppStore|ARM.Build.0 = Debug|Any CPU
		{13C2B24F-E7BA-4F87-B98B-16669423C673}.AppStore|iPhone.ActiveCfg = Debug|Any CPU
		{13C2B24F-E7BA-4F87-B98B-16669423C673}.AppStore|iPhone.Build.0 = Debug|Any CPU
		{13C2B24F-E7BA-4F87-B98B-16669423C673}.AppStore|iPhoneSimulator.ActiveCfg = Debug|Any CPU
		{13C2B24F-E7BA-4F87-B98B-16669423C673}.AppStore|iPhoneSimulator.Build.0 = Debug|Any CPU
		{13C2B24F-E7BA-4F87-B98B-16669423C673}.AppStore|x64.ActiveCfg = Debug|Any CPU
		{13C2B24F-E7BA-4F87-B98B-16669423C673}.AppStore|x64.Build.0 = Debug|Any CPU
		{13C2B24F-E7BA-4F87-B98B-16669423C673}.AppStore|x86.ActiveCfg = Debug|Any CPU
		{13C2B24F-E7BA-4F87-B98B-16669423C673}.AppStore|x86.Build.0 = Debug|Any CPU
		{13C2B24F-E7BA-4F87-B98B-16669423C673}.Debug|Any CPU.ActiveCfg = Debug|Any CPU
		{13C2B24F-E7BA-4F87-B98B-16669423C673}.Debug|Any CPU.Build.0 = Debug|Any CPU
		{13C2B24F-E7BA-4F87-B98B-16669423C673}.Debug|ARM.ActiveCfg = Debug|Any CPU
		{13C2B24F-E7BA-4F87-B98B-16669423C673}.Debug|ARM.Build.0 = Debug|Any CPU
		{13C2B24F-E7BA-4F87-B98B-16669423C673}.Debug|iPhone.ActiveCfg = Debug|Any CPU
		{13C2B24F-E7BA-4F87-B98B-16669423C673}.Debug|iPhone.Build.0 = Debug|Any CPU
		{13C2B24F-E7BA-4F87-B98B-16669423C673}.Debug|iPhoneSimulator.ActiveCfg = Debug|Any CPU
		{13C2B24F-E7BA-4F87-B98B-16669423C673}.Debug|iPhoneSimulator.Build.0 = Debug|Any CPU
		{13C2B24F-E7BA-4F87-B98B-16669423C673}.Debug|x64.ActiveCfg = Debug|Any CPU
		{13C2B24F-E7BA-4F87-B98B-16669423C673}.Debug|x64.Build.0 = Debug|Any CPU
		{13C2B24F-E7BA-4F87-B98B-16669423C673}.Debug|x86.ActiveCfg = Debug|Any CPU
		{13C2B24F-E7BA-4F87-B98B-16669423C673}.Debug|x86.Build.0 = Debug|Any CPU
		{13C2B24F-E7BA-4F87-B98B-16669423C673}.Release|Any CPU.ActiveCfg = Release|Any CPU
		{13C2B24F-E7BA-4F87-B98B-16669423C673}.Release|Any CPU.Build.0 = Release|Any CPU
		{13C2B24F-E7BA-4F87-B98B-16669423C673}.Release|ARM.ActiveCfg = Release|Any CPU
		{13C2B24F-E7BA-4F87-B98B-16669423C673}.Release|ARM.Build.0 = Release|Any CPU
		{13C2B24F-E7BA-4F87-B98B-16669423C673}.Release|iPhone.ActiveCfg = Release|Any CPU
		{13C2B24F-E7BA-4F87-B98B-16669423C673}.Release|iPhone.Build.0 = Release|Any CPU
		{13C2B24F-E7BA-4F87-B98B-16669423C673}.Release|iPhoneSimulator.ActiveCfg = Release|Any CPU
		{13C2B24F-E7BA-4F87-B98B-16669423C673}.Release|iPhoneSimulator.Build.0 = Release|Any CPU
		{13C2B24F-E7BA-4F87-B98B-16669423C673}.Release|x64.ActiveCfg = Release|Any CPU
		{13C2B24F-E7BA-4F87-B98B-16669423C673}.Release|x64.Build.0 = Release|Any CPU
		{13C2B24F-E7BA-4F87-B98B-16669423C673}.Release|x86.ActiveCfg = Release|Any CPU
		{13C2B24F-E7BA-4F87-B98B-16669423C673}.Release|x86.Build.0 = Release|Any CPU
		{B4ECABDB-A0A5-43C4-BB5E-C109A190014E}.Ad-Hoc|Any CPU.ActiveCfg = Release|Any CPU
		{B4ECABDB-A0A5-43C4-BB5E-C109A190014E}.Ad-Hoc|Any CPU.Build.0 = Release|Any CPU
		{B4ECABDB-A0A5-43C4-BB5E-C109A190014E}.Ad-Hoc|Any CPU.Deploy.0 = Release|Any CPU
		{B4ECABDB-A0A5-43C4-BB5E-C109A190014E}.Ad-Hoc|ARM.ActiveCfg = Release|Any CPU
		{B4ECABDB-A0A5-43C4-BB5E-C109A190014E}.Ad-Hoc|ARM.Build.0 = Release|Any CPU
		{B4ECABDB-A0A5-43C4-BB5E-C109A190014E}.Ad-Hoc|ARM.Deploy.0 = Release|Any CPU
		{B4ECABDB-A0A5-43C4-BB5E-C109A190014E}.Ad-Hoc|iPhone.ActiveCfg = Release|Any CPU
		{B4ECABDB-A0A5-43C4-BB5E-C109A190014E}.Ad-Hoc|iPhone.Build.0 = Release|Any CPU
		{B4ECABDB-A0A5-43C4-BB5E-C109A190014E}.Ad-Hoc|iPhone.Deploy.0 = Release|Any CPU
		{B4ECABDB-A0A5-43C4-BB5E-C109A190014E}.Ad-Hoc|iPhoneSimulator.ActiveCfg = Release|Any CPU
		{B4ECABDB-A0A5-43C4-BB5E-C109A190014E}.Ad-Hoc|iPhoneSimulator.Build.0 = Release|Any CPU
		{B4ECABDB-A0A5-43C4-BB5E-C109A190014E}.Ad-Hoc|iPhoneSimulator.Deploy.0 = Release|Any CPU
		{B4ECABDB-A0A5-43C4-BB5E-C109A190014E}.Ad-Hoc|x64.ActiveCfg = Release|Any CPU
		{B4ECABDB-A0A5-43C4-BB5E-C109A190014E}.Ad-Hoc|x64.Build.0 = Release|Any CPU
		{B4ECABDB-A0A5-43C4-BB5E-C109A190014E}.Ad-Hoc|x64.Deploy.0 = Release|Any CPU
		{B4ECABDB-A0A5-43C4-BB5E-C109A190014E}.Ad-Hoc|x86.ActiveCfg = Release|Any CPU
		{B4ECABDB-A0A5-43C4-BB5E-C109A190014E}.Ad-Hoc|x86.Build.0 = Release|Any CPU
		{B4ECABDB-A0A5-43C4-BB5E-C109A190014E}.Ad-Hoc|x86.Deploy.0 = Release|Any CPU
		{B4ECABDB-A0A5-43C4-BB5E-C109A190014E}.AppStore|Any CPU.ActiveCfg = Release|Any CPU
		{B4ECABDB-A0A5-43C4-BB5E-C109A190014E}.AppStore|Any CPU.Build.0 = Release|Any CPU
		{B4ECABDB-A0A5-43C4-BB5E-C109A190014E}.AppStore|Any CPU.Deploy.0 = Release|Any CPU
		{B4ECABDB-A0A5-43C4-BB5E-C109A190014E}.AppStore|ARM.ActiveCfg = Release|Any CPU
		{B4ECABDB-A0A5-43C4-BB5E-C109A190014E}.AppStore|ARM.Build.0 = Release|Any CPU
		{B4ECABDB-A0A5-43C4-BB5E-C109A190014E}.AppStore|ARM.Deploy.0 = Release|Any CPU
		{B4ECABDB-A0A5-43C4-BB5E-C109A190014E}.AppStore|iPhone.ActiveCfg = Release|Any CPU
		{B4ECABDB-A0A5-43C4-BB5E-C109A190014E}.AppStore|iPhone.Build.0 = Release|Any CPU
		{B4ECABDB-A0A5-43C4-BB5E-C109A190014E}.AppStore|iPhone.Deploy.0 = Release|Any CPU
		{B4ECABDB-A0A5-43C4-BB5E-C109A190014E}.AppStore|iPhoneSimulator.ActiveCfg = Release|Any CPU
		{B4ECABDB-A0A5-43C4-BB5E-C109A190014E}.AppStore|iPhoneSimulator.Build.0 = Release|Any CPU
		{B4ECABDB-A0A5-43C4-BB5E-C109A190014E}.AppStore|iPhoneSimulator.Deploy.0 = Release|Any CPU
		{B4ECABDB-A0A5-43C4-BB5E-C109A190014E}.AppStore|x64.ActiveCfg = Release|Any CPU
		{B4ECABDB-A0A5-43C4-BB5E-C109A190014E}.AppStore|x64.Build.0 = Release|Any CPU
		{B4ECABDB-A0A5-43C4-BB5E-C109A190014E}.AppStore|x64.Deploy.0 = Release|Any CPU
		{B4ECABDB-A0A5-43C4-BB5E-C109A190014E}.AppStore|x86.ActiveCfg = Release|Any CPU
		{B4ECABDB-A0A5-43C4-BB5E-C109A190014E}.AppStore|x86.Build.0 = Release|Any CPU
		{B4ECABDB-A0A5-43C4-BB5E-C109A190014E}.AppStore|x86.Deploy.0 = Release|Any CPU
		{B4ECABDB-A0A5-43C4-BB5E-C109A190014E}.Debug|Any CPU.ActiveCfg = Debug|Any CPU
		{B4ECABDB-A0A5-43C4-BB5E-C109A190014E}.Debug|Any CPU.Build.0 = Debug|Any CPU
		{B4ECABDB-A0A5-43C4-BB5E-C109A190014E}.Debug|Any CPU.Deploy.0 = Debug|Any CPU
		{B4ECABDB-A0A5-43C4-BB5E-C109A190014E}.Debug|ARM.ActiveCfg = Debug|Any CPU
		{B4ECABDB-A0A5-43C4-BB5E-C109A190014E}.Debug|ARM.Build.0 = Debug|Any CPU
		{B4ECABDB-A0A5-43C4-BB5E-C109A190014E}.Debug|ARM.Deploy.0 = Debug|Any CPU
		{B4ECABDB-A0A5-43C4-BB5E-C109A190014E}.Debug|iPhone.ActiveCfg = Debug|Any CPU
		{B4ECABDB-A0A5-43C4-BB5E-C109A190014E}.Debug|iPhone.Build.0 = Debug|Any CPU
		{B4ECABDB-A0A5-43C4-BB5E-C109A190014E}.Debug|iPhone.Deploy.0 = Debug|Any CPU
		{B4ECABDB-A0A5-43C4-BB5E-C109A190014E}.Debug|iPhoneSimulator.ActiveCfg = Debug|Any CPU
		{B4ECABDB-A0A5-43C4-BB5E-C109A190014E}.Debug|iPhoneSimulator.Build.0 = Debug|Any CPU
		{B4ECABDB-A0A5-43C4-BB5E-C109A190014E}.Debug|iPhoneSimulator.Deploy.0 = Debug|Any CPU
		{B4ECABDB-A0A5-43C4-BB5E-C109A190014E}.Debug|x64.ActiveCfg = Debug|Any CPU
		{B4ECABDB-A0A5-43C4-BB5E-C109A190014E}.Debug|x64.Build.0 = Debug|Any CPU
		{B4ECABDB-A0A5-43C4-BB5E-C109A190014E}.Debug|x64.Deploy.0 = Debug|Any CPU
		{B4ECABDB-A0A5-43C4-BB5E-C109A190014E}.Debug|x86.ActiveCfg = Debug|Any CPU
		{B4ECABDB-A0A5-43C4-BB5E-C109A190014E}.Debug|x86.Build.0 = Debug|Any CPU
		{B4ECABDB-A0A5-43C4-BB5E-C109A190014E}.Debug|x86.Deploy.0 = Debug|Any CPU
		{B4ECABDB-A0A5-43C4-BB5E-C109A190014E}.Release|Any CPU.ActiveCfg = Release|Any CPU
		{B4ECABDB-A0A5-43C4-BB5E-C109A190014E}.Release|Any CPU.Build.0 = Release|Any CPU
		{B4ECABDB-A0A5-43C4-BB5E-C109A190014E}.Release|Any CPU.Deploy.0 = Release|Any CPU
		{B4ECABDB-A0A5-43C4-BB5E-C109A190014E}.Release|ARM.ActiveCfg = Release|Any CPU
		{B4ECABDB-A0A5-43C4-BB5E-C109A190014E}.Release|ARM.Build.0 = Release|Any CPU
		{B4ECABDB-A0A5-43C4-BB5E-C109A190014E}.Release|ARM.Deploy.0 = Release|Any CPU
		{B4ECABDB-A0A5-43C4-BB5E-C109A190014E}.Release|iPhone.ActiveCfg = Release|Any CPU
		{B4ECABDB-A0A5-43C4-BB5E-C109A190014E}.Release|iPhone.Build.0 = Release|Any CPU
		{B4ECABDB-A0A5-43C4-BB5E-C109A190014E}.Release|iPhone.Deploy.0 = Release|Any CPU
		{B4ECABDB-A0A5-43C4-BB5E-C109A190014E}.Release|iPhoneSimulator.ActiveCfg = Release|Any CPU
		{B4ECABDB-A0A5-43C4-BB5E-C109A190014E}.Release|iPhoneSimulator.Build.0 = Release|Any CPU
		{B4ECABDB-A0A5-43C4-BB5E-C109A190014E}.Release|iPhoneSimulator.Deploy.0 = Release|Any CPU
		{B4ECABDB-A0A5-43C4-BB5E-C109A190014E}.Release|x64.ActiveCfg = Release|Any CPU
		{B4ECABDB-A0A5-43C4-BB5E-C109A190014E}.Release|x64.Build.0 = Release|Any CPU
		{B4ECABDB-A0A5-43C4-BB5E-C109A190014E}.Release|x64.Deploy.0 = Release|Any CPU
		{B4ECABDB-A0A5-43C4-BB5E-C109A190014E}.Release|x86.ActiveCfg = Release|Any CPU
		{B4ECABDB-A0A5-43C4-BB5E-C109A190014E}.Release|x86.Build.0 = Release|Any CPU
		{B4ECABDB-A0A5-43C4-BB5E-C109A190014E}.Release|x86.Deploy.0 = Release|Any CPU
		{BF2AA191-1E3E-425C-9DE8-2F8C330E49B3}.Ad-Hoc|Any CPU.ActiveCfg = Release|Any CPU
		{BF2AA191-1E3E-425C-9DE8-2F8C330E49B3}.Ad-Hoc|Any CPU.Build.0 = Release|Any CPU
		{BF2AA191-1E3E-425C-9DE8-2F8C330E49B3}.Ad-Hoc|ARM.ActiveCfg = Release|Any CPU
		{BF2AA191-1E3E-425C-9DE8-2F8C330E49B3}.Ad-Hoc|ARM.Build.0 = Release|Any CPU
		{BF2AA191-1E3E-425C-9DE8-2F8C330E49B3}.Ad-Hoc|iPhone.ActiveCfg = Release|Any CPU
		{BF2AA191-1E3E-425C-9DE8-2F8C330E49B3}.Ad-Hoc|iPhone.Build.0 = Release|Any CPU
		{BF2AA191-1E3E-425C-9DE8-2F8C330E49B3}.Ad-Hoc|iPhoneSimulator.ActiveCfg = Release|Any CPU
		{BF2AA191-1E3E-425C-9DE8-2F8C330E49B3}.Ad-Hoc|iPhoneSimulator.Build.0 = Release|Any CPU
		{BF2AA191-1E3E-425C-9DE8-2F8C330E49B3}.Ad-Hoc|x64.ActiveCfg = Release|Any CPU
		{BF2AA191-1E3E-425C-9DE8-2F8C330E49B3}.Ad-Hoc|x64.Build.0 = Release|Any CPU
		{BF2AA191-1E3E-425C-9DE8-2F8C330E49B3}.Ad-Hoc|x86.ActiveCfg = Release|Any CPU
		{BF2AA191-1E3E-425C-9DE8-2F8C330E49B3}.Ad-Hoc|x86.Build.0 = Release|Any CPU
		{BF2AA191-1E3E-425C-9DE8-2F8C330E49B3}.AppStore|Any CPU.ActiveCfg = Release|Any CPU
		{BF2AA191-1E3E-425C-9DE8-2F8C330E49B3}.AppStore|Any CPU.Build.0 = Release|Any CPU
		{BF2AA191-1E3E-425C-9DE8-2F8C330E49B3}.AppStore|ARM.ActiveCfg = Release|Any CPU
		{BF2AA191-1E3E-425C-9DE8-2F8C330E49B3}.AppStore|ARM.Build.0 = Release|Any CPU
		{BF2AA191-1E3E-425C-9DE8-2F8C330E49B3}.AppStore|iPhone.ActiveCfg = Release|Any CPU
		{BF2AA191-1E3E-425C-9DE8-2F8C330E49B3}.AppStore|iPhone.Build.0 = Release|Any CPU
		{BF2AA191-1E3E-425C-9DE8-2F8C330E49B3}.AppStore|iPhoneSimulator.ActiveCfg = Release|Any CPU
		{BF2AA191-1E3E-425C-9DE8-2F8C330E49B3}.AppStore|iPhoneSimulator.Build.0 = Release|Any CPU
		{BF2AA191-1E3E-425C-9DE8-2F8C330E49B3}.AppStore|x64.ActiveCfg = Release|Any CPU
		{BF2AA191-1E3E-425C-9DE8-2F8C330E49B3}.AppStore|x64.Build.0 = Release|Any CPU
		{BF2AA191-1E3E-425C-9DE8-2F8C330E49B3}.AppStore|x86.ActiveCfg = Release|Any CPU
		{BF2AA191-1E3E-425C-9DE8-2F8C330E49B3}.AppStore|x86.Build.0 = Release|Any CPU
		{BF2AA191-1E3E-425C-9DE8-2F8C330E49B3}.Debug|Any CPU.ActiveCfg = Debug|Any CPU
		{BF2AA191-1E3E-425C-9DE8-2F8C330E49B3}.Debug|Any CPU.Build.0 = Debug|Any CPU
		{BF2AA191-1E3E-425C-9DE8-2F8C330E49B3}.Debug|ARM.ActiveCfg = Debug|Any CPU
		{BF2AA191-1E3E-425C-9DE8-2F8C330E49B3}.Debug|ARM.Build.0 = Debug|Any CPU
		{BF2AA191-1E3E-425C-9DE8-2F8C330E49B3}.Debug|iPhone.ActiveCfg = Debug|Any CPU
		{BF2AA191-1E3E-425C-9DE8-2F8C330E49B3}.Debug|iPhone.Build.0 = Debug|Any CPU
		{BF2AA191-1E3E-425C-9DE8-2F8C330E49B3}.Debug|iPhoneSimulator.ActiveCfg = Debug|Any CPU
		{BF2AA191-1E3E-425C-9DE8-2F8C330E49B3}.Debug|iPhoneSimulator.Build.0 = Debug|Any CPU
		{BF2AA191-1E3E-425C-9DE8-2F8C330E49B3}.Debug|x64.ActiveCfg = Debug|Any CPU
		{BF2AA191-1E3E-425C-9DE8-2F8C330E49B3}.Debug|x64.Build.0 = Debug|Any CPU
		{BF2AA191-1E3E-425C-9DE8-2F8C330E49B3}.Debug|x86.ActiveCfg = Debug|Any CPU
		{BF2AA191-1E3E-425C-9DE8-2F8C330E49B3}.Debug|x86.Build.0 = Debug|Any CPU
		{BF2AA191-1E3E-425C-9DE8-2F8C330E49B3}.Release|Any CPU.ActiveCfg = Release|Any CPU
		{BF2AA191-1E3E-425C-9DE8-2F8C330E49B3}.Release|Any CPU.Build.0 = Release|Any CPU
		{BF2AA191-1E3E-425C-9DE8-2F8C330E49B3}.Release|ARM.ActiveCfg = Release|Any CPU
		{BF2AA191-1E3E-425C-9DE8-2F8C330E49B3}.Release|ARM.Build.0 = Release|Any CPU
		{BF2AA191-1E3E-425C-9DE8-2F8C330E49B3}.Release|iPhone.ActiveCfg = Release|Any CPU
		{BF2AA191-1E3E-425C-9DE8-2F8C330E49B3}.Release|iPhone.Build.0 = Release|Any CPU
		{BF2AA191-1E3E-425C-9DE8-2F8C330E49B3}.Release|iPhoneSimulator.ActiveCfg = Release|Any CPU
		{BF2AA191-1E3E-425C-9DE8-2F8C330E49B3}.Release|iPhoneSimulator.Build.0 = Release|Any CPU
		{BF2AA191-1E3E-425C-9DE8-2F8C330E49B3}.Release|x64.ActiveCfg = Release|Any CPU
		{BF2AA191-1E3E-425C-9DE8-2F8C330E49B3}.Release|x64.Build.0 = Release|Any CPU
		{BF2AA191-1E3E-425C-9DE8-2F8C330E49B3}.Release|x86.ActiveCfg = Release|Any CPU
		{BF2AA191-1E3E-425C-9DE8-2F8C330E49B3}.Release|x86.Build.0 = Release|Any CPU
		{3B7FBF4A-74CA-40E1-B833-085AC12B3D3E}.Ad-Hoc|Any CPU.ActiveCfg = Release|Any CPU
		{3B7FBF4A-74CA-40E1-B833-085AC12B3D3E}.Ad-Hoc|Any CPU.Build.0 = Release|Any CPU
		{3B7FBF4A-74CA-40E1-B833-085AC12B3D3E}.Ad-Hoc|ARM.ActiveCfg = Release|Any CPU
		{3B7FBF4A-74CA-40E1-B833-085AC12B3D3E}.Ad-Hoc|ARM.Build.0 = Release|Any CPU
		{3B7FBF4A-74CA-40E1-B833-085AC12B3D3E}.Ad-Hoc|iPhone.ActiveCfg = Release|Any CPU
		{3B7FBF4A-74CA-40E1-B833-085AC12B3D3E}.Ad-Hoc|iPhone.Build.0 = Release|Any CPU
		{3B7FBF4A-74CA-40E1-B833-085AC12B3D3E}.Ad-Hoc|iPhoneSimulator.ActiveCfg = Release|Any CPU
		{3B7FBF4A-74CA-40E1-B833-085AC12B3D3E}.Ad-Hoc|iPhoneSimulator.Build.0 = Release|Any CPU
		{3B7FBF4A-74CA-40E1-B833-085AC12B3D3E}.Ad-Hoc|x64.ActiveCfg = Release|Any CPU
		{3B7FBF4A-74CA-40E1-B833-085AC12B3D3E}.Ad-Hoc|x64.Build.0 = Release|Any CPU
		{3B7FBF4A-74CA-40E1-B833-085AC12B3D3E}.Ad-Hoc|x86.ActiveCfg = Release|Any CPU
		{3B7FBF4A-74CA-40E1-B833-085AC12B3D3E}.Ad-Hoc|x86.Build.0 = Release|Any CPU
		{3B7FBF4A-74CA-40E1-B833-085AC12B3D3E}.AppStore|Any CPU.ActiveCfg = Release|Any CPU
		{3B7FBF4A-74CA-40E1-B833-085AC12B3D3E}.AppStore|Any CPU.Build.0 = Release|Any CPU
		{3B7FBF4A-74CA-40E1-B833-085AC12B3D3E}.AppStore|ARM.ActiveCfg = Release|Any CPU
		{3B7FBF4A-74CA-40E1-B833-085AC12B3D3E}.AppStore|ARM.Build.0 = Release|Any CPU
		{3B7FBF4A-74CA-40E1-B833-085AC12B3D3E}.AppStore|iPhone.ActiveCfg = Release|Any CPU
		{3B7FBF4A-74CA-40E1-B833-085AC12B3D3E}.AppStore|iPhone.Build.0 = Release|Any CPU
		{3B7FBF4A-74CA-40E1-B833-085AC12B3D3E}.AppStore|iPhoneSimulator.ActiveCfg = Release|Any CPU
		{3B7FBF4A-74CA-40E1-B833-085AC12B3D3E}.AppStore|iPhoneSimulator.Build.0 = Release|Any CPU
		{3B7FBF4A-74CA-40E1-B833-085AC12B3D3E}.AppStore|x64.ActiveCfg = Release|Any CPU
		{3B7FBF4A-74CA-40E1-B833-085AC12B3D3E}.AppStore|x64.Build.0 = Release|Any CPU
		{3B7FBF4A-74CA-40E1-B833-085AC12B3D3E}.AppStore|x86.ActiveCfg = Release|Any CPU
		{3B7FBF4A-74CA-40E1-B833-085AC12B3D3E}.AppStore|x86.Build.0 = Release|Any CPU
		{3B7FBF4A-74CA-40E1-B833-085AC12B3D3E}.Debug|Any CPU.ActiveCfg = Debug|Any CPU
		{3B7FBF4A-74CA-40E1-B833-085AC12B3D3E}.Debug|Any CPU.Build.0 = Debug|Any CPU
		{3B7FBF4A-74CA-40E1-B833-085AC12B3D3E}.Debug|ARM.ActiveCfg = Debug|Any CPU
		{3B7FBF4A-74CA-40E1-B833-085AC12B3D3E}.Debug|ARM.Build.0 = Debug|Any CPU
		{3B7FBF4A-74CA-40E1-B833-085AC12B3D3E}.Debug|iPhone.ActiveCfg = Debug|Any CPU
		{3B7FBF4A-74CA-40E1-B833-085AC12B3D3E}.Debug|iPhone.Build.0 = Debug|Any CPU
		{3B7FBF4A-74CA-40E1-B833-085AC12B3D3E}.Debug|iPhoneSimulator.ActiveCfg = Debug|Any CPU
		{3B7FBF4A-74CA-40E1-B833-085AC12B3D3E}.Debug|iPhoneSimulator.Build.0 = Debug|Any CPU
		{3B7FBF4A-74CA-40E1-B833-085AC12B3D3E}.Debug|x64.ActiveCfg = Debug|Any CPU
		{3B7FBF4A-74CA-40E1-B833-085AC12B3D3E}.Debug|x64.Build.0 = Debug|Any CPU
		{3B7FBF4A-74CA-40E1-B833-085AC12B3D3E}.Debug|x86.ActiveCfg = Debug|Any CPU
		{3B7FBF4A-74CA-40E1-B833-085AC12B3D3E}.Debug|x86.Build.0 = Debug|Any CPU
		{3B7FBF4A-74CA-40E1-B833-085AC12B3D3E}.Release|Any CPU.ActiveCfg = Release|Any CPU
		{3B7FBF4A-74CA-40E1-B833-085AC12B3D3E}.Release|Any CPU.Build.0 = Release|Any CPU
		{3B7FBF4A-74CA-40E1-B833-085AC12B3D3E}.Release|ARM.ActiveCfg = Release|Any CPU
		{3B7FBF4A-74CA-40E1-B833-085AC12B3D3E}.Release|ARM.Build.0 = Release|Any CPU
		{3B7FBF4A-74CA-40E1-B833-085AC12B3D3E}.Release|iPhone.ActiveCfg = Release|Any CPU
		{3B7FBF4A-74CA-40E1-B833-085AC12B3D3E}.Release|iPhone.Build.0 = Release|Any CPU
		{3B7FBF4A-74CA-40E1-B833-085AC12B3D3E}.Release|iPhoneSimulator.ActiveCfg = Release|Any CPU
		{3B7FBF4A-74CA-40E1-B833-085AC12B3D3E}.Release|iPhoneSimulator.Build.0 = Release|Any CPU
		{3B7FBF4A-74CA-40E1-B833-085AC12B3D3E}.Release|x64.ActiveCfg = Release|Any CPU
		{3B7FBF4A-74CA-40E1-B833-085AC12B3D3E}.Release|x64.Build.0 = Release|Any CPU
		{3B7FBF4A-74CA-40E1-B833-085AC12B3D3E}.Release|x86.ActiveCfg = Release|Any CPU
		{3B7FBF4A-74CA-40E1-B833-085AC12B3D3E}.Release|x86.Build.0 = Release|Any CPU
	EndGlobalSection
	GlobalSection(SolutionProperties) = preSolution
		HideSolutionNode = FALSE
	EndGlobalSection
	GlobalSection(ExtensibilityGlobals) = postSolution
		SolutionGuid = {27D9B20D-5785-46A9-A7C9-AB818E44C2BF}
	EndGlobalSection
EndGlobal
